hash: 9eb48bcb24506f16f59c612a349f83e919ea68a4845e478a6e927d1921021ea7
updated: 2017-05-19T17:17:40.477773312-05:00
imports:
- name: github.com/sirupsen/logrus
  version: ba1b36c82c5e05c4f912a88eab0dcd91a171688f
- name: github.com/spf13/viper
  version: 0967fc9aceab2ce9da34061253ac10fb99bba5b2
testImports: []
